
Microsoft Visual Studio Solution File, Format Version 12.00
# Visual Studio Version 16
VisualStudioVersion = 16.0.30611.23
MinimumVisualStudioVersion = 10.0.40219.1
Project("{8BC9CEB8-8B4A-11D0-8D11-00A0C91BC942}") = "client", "client\client.vcxproj", "{2EFF8BCB-53BB-400B-8272-20C19BD7B8F5}"
EndProject
Project("{8BC9CEB8-8B4A-11D0-8D11-00A0C91BC942}") = "server", "server\server.vcxproj", "{A7ED0856-3FBF-4108-8912-A1256E5F33CA}"
EndProject
Global
	GlobalSection(SolutionConfigurationPlatforms) = preSolution
		Debug|x64 = Debug|x64
		Debug|x86 = Debug|x86
		Release|x64 = Release|x64
		Release|x86 = Release|x86
	EndGlobalSection
	GlobalSection(ProjectConfigurationPlatforms) = postSolution
		{2EFF8BCB-53BB-400B-8272-20C19BD7B8F5}.Debug|x64.ActiveCfg = Debug|x64
		{2EFF8BCB-53BB-400B-8272-20C19BD7B8F5}.Debug|x64.Build.0 = Debug|x64
		{2EFF8BCB-53BB-400B-8272-20C19BD7B8F5}.Debug|x86.ActiveCfg = Debug|Win32
		{2EFF8BCB-53BB-400B-8272-20C19BD7B8F5}.Debug|x86.Build.0 = Debug|Win32
		{2EFF8BCB-53BB-400B-8272-20C19BD7B8F5}.Release|x64.ActiveCfg = Release|x64
		{2EFF8BCB-53BB-400B-8272-20C19BD7B8F5}.Release|x64.Build.0 = Release|x64
		{2EFF8BCB-53BB-400B-8272-20C19BD7B8F5}.Release|x86.ActiveCfg = Release|Win32
		{2EFF8BCB-53BB-400B-8272-20C19BD7B8F5}.Release|x86.Build.0 = Release|Win32
		{A7ED0856-3FBF-4108-8912-A1256E5F33CA}.Debug|x64.ActiveCfg = Debug|x64
		{A7ED0856-3FBF-4108-8912-A1256E5F33CA}.Debug|x64.Build.0 = Debug|x64
		{A7ED0856-3FBF-4108-8912-A1256E5F33CA}.Debug|x86.ActiveCfg = Debug|Win32
		{A7ED0856-3FBF-4108-8912-A1256E5F33CA}.Debug|x86.Build.0 = Debug|Win32
		{A7ED0856-3FBF-4108-8912-A1256E5F33CA}.Release|x64.ActiveCfg = Release|x64
		{A7ED0856-3FBF-4108-8912-A1256E5F33CA}.Release|x64.Build.0 = Release|x64
		{A7ED0856-3FBF-4108-8912-A1256E5F33CA}.Release|x86.ActiveCfg = Release|Win32
		{A7ED0856-3FBF-4108-8912-A1256E5F33CA}.Release|x86.Build.0 = Release|Win32
	EndGlobalSection
	GlobalSection(SolutionProperties) = preSolution
		HideSolutionNode = FALSE
	EndGlobalSection
	GlobalSection(ExtensibilityGlobals) = postSolution
		SolutionGuid = {48C8D10F-2110-4024-8517-CB0B076AD41D}
	EndGlobalSection
EndGlobal
